
Microsoft Visual Studio Solution File, Format Version 12.00
# Visual Studio Version 16
VisualStudioVersion = 16.0.30804.86
MinimumVisualStudioVersion = 10.0.40219.1
Project("{FAE04EC0-301F-11D3-BF4B-00C04F79EFBC}") = "Assignment05.UWP", "Assignment05\Assignment05.UWP\Assignment05.UWP.csproj", "{29E564B4-47AC-4B71-8E03-E7B6E28CB840}"
EndProject
Project("{FAE04EC0-301F-11D3-BF4B-00C04F79EFBC}") = "Assignment05.Android", "Assignment05\Assignment05.Android\Assignment05.Android.csproj", "{4D6C84C7-45A5-4278-A794-FA84638843B7}"
EndProject
Project("{FAE04EC0-301F-11D3-BF4B-00C04F79EFBC}") = "Assignment05.iOS", "Assignment05\Assignment05.iOS\Assignment05.iOS.csproj", "{6DDFEEB5-D4BC-418C-B392-F21BF667D316}"
EndProject
Project("{FAE04EC0-301F-11D3-BF4B-00C04F79EFBC}") = "Assignment05", "Assignment05\Assignment05\Assignment05.csproj", "{372A9F45-06F8-498E-A50B-0503C94FD2FB}"
EndProject
Global
	GlobalSection(SolutionConfigurationPlatforms) = preSolution
		Debug|Any CPU = Debug|Any CPU
		Debug|ARM = Debug|ARM
		Debug|iPhone = Debug|iPhone
		Debug|iPhoneSimulator = Debug|iPhoneSimulator
		Debug|x64 = Debug|x64
		Debug|x86 = Debug|x86
		Release|Any CPU = Release|Any CPU
		Release|ARM = Release|ARM
		Release|iPhone = Release|iPhone
		Release|iPhoneSimulator = Release|iPhoneSimulator
		Release|x64 = Release|x64
		Release|x86 = Release|x86
	EndGlobalSection
	GlobalSection(ProjectConfigurationPlatforms) = postSolution
		{29E564B4-47AC-4B71-8E03-E7B6E28CB840}.Debug|Any CPU.ActiveCfg = Debug|x86
		{29E564B4-47AC-4B71-8E03-E7B6E28CB840}.Debug|Any CPU.Build.0 = Debug|x86
		{29E564B4-47AC-4B71-8E03-E7B6E28CB840}.Debug|Any CPU.Deploy.0 = Debug|x86
		{29E564B4-47AC-4B71-8E03-E7B6E28CB840}.Debug|ARM.ActiveCfg = Debug|ARM
		{29E564B4-47AC-4B71-8E03-E7B6E28CB840}.Debug|ARM.Build.0 = Debug|ARM
		{29E564B4-47AC-4B71-8E03-E7B6E28CB840}.Debug|ARM.Deploy.0 = Debug|ARM
		{29E564B4-47AC-4B71-8E03-E7B6E28CB840}.Debug|iPhone.ActiveCfg = Debug|x86
		{29E564B4-47AC-4B71-8E03-E7B6E28CB840}.Debug|iPhone.Build.0 = Debug|x86
		{29E564B4-47AC-4B71-8E03-E7B6E28CB840}.Debug|iPhone.Deploy.0 = Debug|x86
		{29E564B4-47AC-4B71-8E03-E7B6E28CB840}.Debug|iPhoneSimulator.ActiveCfg = Debug|x86
		{29E564B4-47AC-4B71-8E03-E7B6E28CB840}.Debug|iPhoneSimulator.Build.0 = Debug|x86
		{29E564B4-47AC-4B71-8E03-E7B6E28CB840}.Debug|iPhoneSimulator.Deploy.0 = Debug|x86
		{29E564B4-47AC-4B71-8E03-E7B6E28CB840}.Debug|x64.ActiveCfg = Debug|x64
		{29E564B4-47AC-4B71-8E03-E7B6E28CB840}.Debug|x64.Build.0 = Debug|x64
		{29E564B4-47AC-4B71-8E03-E7B6E28CB840}.Debug|x64.Deploy.0 = Debug|x64
		{29E564B4-47AC-4B71-8E03-E7B6E28CB840}.Debug|x86.ActiveCfg = Debug|x86
		{29E564B4-47AC-4B71-8E03-E7B6E28CB840}.Debug|x86.Build.0 = Debug|x86
		{29E564B4-47AC-4B71-8E03-E7B6E28CB840}.Debug|x86.Deploy.0 = Debug|x86
		{29E564B4-47AC-4B71-8E03-E7B6E28CB840}.Release|Any CPU.ActiveCfg = Release|x86
		{29E564B4-47AC-4B71-8E03-E7B6E28CB840}.Release|Any CPU.Build.0 = Release|x86
		{29E564B4-47AC-4B71-8E03-E7B6E28CB840}.Release|Any CPU.Deploy.0 = Release|x86
		{29E564B4-47AC-4B71-8E03-E7B6E28CB840}.Release|ARM.ActiveCfg = Release|ARM
		{29E564B4-47AC-4B71-8E03-E7B6E28CB840}.Release|ARM.Build.0 = Release|ARM
		{29E564B4-47AC-4B71-8E03-E7B6E28CB840}.Release|ARM.Deploy.0 = Release|ARM
		{29E564B4-47AC-4B71-8E03-E7B6E28CB840}.Release|iPhone.ActiveCfg = Release|x86
		{29E564B4-47AC-4B71-8E03-E7B6E28CB840}.Release|iPhone.Build.0 = Release|x86
		{29E564B4-47AC-4B71-8E03-E7B6E28CB840}.Release|iPhone.Deploy.0 = Release|x86
		{29E564B4-47AC-4B71-8E03-E7B6E28CB840}.Release|iPhoneSimulator.ActiveCfg = Release|x86
		{29E564B4-47AC-4B71-8E03-E7B6E28CB840}.Release|iPhoneSimulator.Build.0 = Release|x86
		{29E564B4-47AC-4B71-8E03-E7B6E28CB840}.Release|iPhoneSimulator.Deploy.0 = Release|x86
		{29E564B4-47AC-4B71-8E03-E7B6E28CB840}.Release|x64.ActiveCfg = Release|x64
		{29E564B4-47AC-4B71-8E03-E7B6E28CB840}.Release|x64.Build.0 = Release|x64
		{29E564B4-47AC-4B71-8E03-E7B6E28CB840}.Release|x64.Deploy.0 = Release|x64
		{29E564B4-47AC-4B71-8E03-E7B6E28CB840}.Release|x86.ActiveCfg = Release|x86
		{29E564B4-47AC-4B71-8E03-E7B6E28CB840}.Release|x86.Build.0 = Release|x86
		{29E564B4-47AC-4B71-8E03-E7B6E28CB840}.Release|x86.Deploy.0 = Release|x86
		{4D6C84C7-45A5-4278-A794-FA84638843B7}.Debug|Any CPU.ActiveCfg = Debug|Any CPU
		{4D6C84C7-45A5-4278-A794-FA84638843B7}.Debug|Any CPU.Build.0 = Debug|Any CPU
		{4D6C84C7-45A5-4278-A794-FA84638843B7}.Debug|Any CPU.Deploy.0 = Debug|Any CPU
		{4D6C84C7-45A5-4278-A794-FA84638843B7}.Debug|ARM.ActiveCfg = Debug|Any CPU
		{4D6C84C7-45A5-4278-A794-FA84638843B7}.Debug|ARM.Build.0 = Debug|Any CPU
		{4D6C84C7-45A5-4278-A794-FA84638843B7}.Debug|ARM.Deploy.0 = Debug|Any CPU
		{4D6C84C7-45A5-4278-A794-FA84638843B7}.Debug|iPhone.ActiveCfg = Debug|Any CPU
		{4D6C84C7-45A5-4278-A794-FA84638843B7}.Debug|iPhone.Build.0 = Debug|Any CPU
		{4D6C84C7-45A5-4278-A794-FA84638843B7}.Debug|iPhone.Deploy.0 = Debug|Any CPU
		{4D6C84C7-45A5-4278-A794-FA84638843B7}.Debug|iPhoneSimulator.ActiveCfg = Debug|Any CPU
		{4D6C84C7-45A5-4278-A794-FA84638843B7}.Debug|iPhoneSimulator.Build.0 = Debug|Any CPU
		{4D6C84C7-45A5-4278-A794-FA84638843B7}.Debug|iPhoneSimulator.Deploy.0 = Debug|Any CPU
		{4D6C84C7-45A5-4278-A794-FA84638843B7}.Debug|x64.ActiveCfg = Debug|Any CPU
		{4D6C84C7-45A5-4278-A794-FA84638843B7}.Debug|x64.Build.0 = Debug|Any CPU
		{4D6C84C7-45A5-4278-A794-FA84638843B7}.Debug|x64.Deploy.0 = Debug|Any CPU
		{4D6C84C7-45A5-4278-A794-FA84638843B7}.Debug|x86.ActiveCfg = Debug|Any CPU
		{4D6C84C7-45A5-4278-A794-FA84638843B7}.Debug|x86.Build.0 = Debug|Any CPU
		{4D6C84C7-45A5-4278-A794-FA84638843B7}.Debug|x86.Deploy.0 = Debug|Any CPU
		{4D6C84C7-45A5-4278-A794-FA84638843B7}.Release|Any CPU.ActiveCfg = Release|Any CPU
		{4D6C84C7-45A5-4278-A794-FA84638843B7}.Release|Any CPU.Build.0 = Release|Any CPU
		{4D6C84C7-45A5-4278-A794-FA84638843B7}.Release|Any CPU.Deploy.0 = Release|Any CPU
		{4D6C84C7-45A5-4278-A794-FA84638843B7}.Release|ARM.ActiveCfg = Release|Any CPU
		{4D6C84C7-45A5-4278-A794-FA84638843B7}.Release|ARM.Build.0 = Release|Any CPU
		{4D6C84C7-45A5-4278-A794-FA84638843B7}.Release|ARM.Deploy.0 = Release|Any CPU
		{4D6C84C7-45A5-4278-A794-FA84638843B7}.Release|iPhone.ActiveCfg = Release|Any CPU
		{4D6C84C7-45A5-4278-A794-FA84638843B7}.Release|iPhone.Build.0 = Release|Any CPU
		{4D6C84C7-45A5-4278-A794-FA84638843B7}.Release|iPhone.Deploy.0 = Release|Any CPU
		{4D6C84C7-45A5-4278-A794-FA84638843B7}.Release|iPhoneSimulator.ActiveCfg = Release|Any CPU
		{4D6C84C7-45A5-4278-A794-FA84638843B7}.Release|iPhoneSimulator.Build.0 = Release|Any CPU
		{4D6C84C7-45A5-4278-A794-FA84638843B7}.Release|iPhoneSimulator.Deploy.0 = Release|Any CPU
		{4D6C84C7-45A5-4278-A794-FA84638843B7}.Release|x64.ActiveCfg = Release|Any CPU
		{4D6C84C7-45A5-4278-A794-FA84638843B7}.Release|x64.Build.0 = Release|Any CPU
		{4D6C84C7-45A5-4278-A794-FA84638843B7}.Release|x64.Deploy.0 = Release|Any CPU
		{4D6C84C7-45A5-4278-A794-FA84638843B7}.Release|x86.ActiveCfg = Release|Any CPU
		{4D6C84C7-45A5-4278-A794-FA84638843B7}.Release|x86.Build.0 = Release|Any CPU
		{4D6C84C7-45A5-4278-A794-FA84638843B7}.Release|x86.Deploy.0 = Release|Any CPU
		{6DDFEEB5-D4BC-418C-B392-F21BF667D316}.Debug|Any CPU.ActiveCfg = Debug|iPhoneSimulator
		{6DDFEEB5-D4BC-418C-B392-F21BF667D316}.Debug|Any CPU.Build.0 = Debug|iPhoneSimulator
		{6DDFEEB5-D4BC-418C-B392-F21BF667D316}.Debug|Any CPU.Deploy.0 = Debug|iPhoneSimulator
		{6DDFEEB5-D4BC-418C-B392-F21BF667D316}.Debug|ARM.ActiveCfg = Debug|iPhone
		{6DDFEEB5-D4BC-418C-B392-F21BF667D316}.Debug|ARM.Build.0 = Debug|iPhone
		{6DDFEEB5-D4BC-418C-B392-F21BF667D316}.Debug|ARM.Deploy.0 = Debug|iPhone
		{6DDFEEB5-D4BC-418C-B392-F21BF667D316}.Debug|iPhone.ActiveCfg = Debug|iPhone
		{6DDFEEB5-D4BC-418C-B392-F21BF667D316}.Debug|iPhone.Build.0 = Debug|iPhone
		{6DDFEEB5-D4BC-418C-B392-F21BF667D316}.Debug|iPhone.Deploy.0 = Debug|iPhone
		{6DDFEEB5-D4BC-418C-B392-F21BF667D316}.Debug|iPhoneSimulator.ActiveCfg = Debug|iPhoneSimulator
		{6DDFEEB5-D4BC-418C-B392-F21BF667D316}.Debug|iPhoneSimulator.Build.0 = Debug|iPhoneSimulator
		{6DDFEEB5-D4BC-418C-B392-F21BF667D316}.Debug|iPhoneSimulator.Deploy.0 = Debug|iPhoneSimulator
		{6DDFEEB5-D4BC-418C-B392-F21BF667D316}.Debug|x64.ActiveCfg = Debug|iPhoneSimulator
		{6DDFEEB5-D4BC-418C-B392-F21BF667D316}.Debug|x64.Build.0 = Debug|iPhoneSimulator
		{6DDFEEB5-D4BC-418C-B392-F21BF667D316}.Debug|x64.Deploy.0 = Debug|iPhoneSimulator
		{6DDFEEB5-D4BC-418C-B392-F21BF667D316}.Debug|x86.ActiveCfg = Debug|iPhoneSimulator
		{6DDFEEB5-D4BC-418C-B392-F21BF667D316}.Debug|x86.Build.0 = Debug|iPhoneSimulator
		{6DDFEEB5-D4BC-418C-B392-F21BF667D316}.Debug|x86.Deploy.0 = Debug|iPhoneSimulator
		{6DDFEEB5-D4BC-418C-B392-F21BF667D316}.Release|Any CPU.ActiveCfg = Release|iPhoneSimulator
		{6DDFEEB5-D4BC-418C-B392-F21BF667D316}.Release|Any CPU.Build.0 = Release|iPhoneSimulator
		{6DDFEEB5-D4BC-418C-B392-F21BF667D316}.Release|Any CPU.Deploy.0 = Release|iPhoneSimulator
		{6DDFEEB5-D4BC-418C-B392-F21BF667D316}.Release|ARM.ActiveCfg = Release|iPhoneSimulator
		{6DDFEEB5-D4BC-418C-B392-F21BF667D316}.Release|ARM.Build.0 = Release|iPhoneSimulator
		{6DDFEEB5-D4BC-418C-B392-F21BF667D316}.Release|ARM.Deploy.0 = Release|iPhoneSimulator
		{6DDFEEB5-D4BC-418C-B392-F21BF667D316}.Release|iPhone.ActiveCfg = Release|iPhone
		{6DDFEEB5-D4BC-418C-B392-F21BF667D316}.Release|iPhone.Build.0 = Release|iPhone
		{6DDFEEB5-D4BC-418C-B392-F21BF667D316}.Release|iPhone.Deploy.0 = Release|iPhone
		{6DDFEEB5-D4BC-418C-B392-F21BF667D316}.Release|iPhoneSimulator.ActiveCfg = Release|iPhoneSimulator
		{6DDFEEB5-D4BC-418C-B392-F21BF667D316}.Release|iPhoneSimulator.Build.0 = Release|iPhoneSimulator
		{6DDFEEB5-D4BC-418C-B392-F21BF667D316}.Release|iPhoneSimulator.Deploy.0 = Release|iPhoneSimulator
		{6DDFEEB5-D4BC-418C-B392-F21BF667D316}.Release|x64.ActiveCfg = Release|iPhoneSimulator
		{6DDFEEB5-D4BC-418C-B392-F21BF667D316}.Release|x64.Build.0 = Release|iPhoneSimulator
		{6DDFEEB5-D4BC-418C-B392-F21BF667D316}.Release|x64.Deploy.0 = Release|iPhoneSimulator
		{6DDFEEB5-D4BC-418C-B392-F21BF667D316}.Release|x86.ActiveCfg = Release|iPhoneSimulator
		{6DDFEEB5-D4BC-418C-B392-F21BF667D316}.Release|x86.Build.0 = Release|iPhoneSimulator
		{6DDFEEB5-D4BC-418C-B392-F21BF667D316}.Release|x86.Deploy.0 = Release|iPhoneSimulator
		{372A9F45-06F8-498E-A50B-0503C94FD2FB}.Debug|Any CPU.ActiveCfg = Debug|Any CPU
		{372A9F45-06F8-498E-A50B-0503C94FD2FB}.Debug|Any CPU.Build.0 = Debug|Any CPU
		{372A9F45-06F8-498E-A50B-0503C94FD2FB}.Debug|Any CPU.Deploy.0 = Debug|Any CPU
		{372A9F45-06F8-498E-A50B-0503C94FD2FB}.Debug|ARM.ActiveCfg = Debug|Any CPU
		{372A9F45-06F8-498E-A50B-0503C94FD2FB}.Debug|ARM.Build.0 = Debug|Any CPU
		{372A9F45-06F8-498E-A50B-0503C94FD2FB}.Debug|ARM.Deploy.0 = Debug|Any CPU
		{372A9F45-06F8-498E-A50B-0503C94FD2FB}.Debug|iPhone.ActiveCfg = Debug|Any CPU
		{372A9F45-06F8-498E-A50B-0503C94FD2FB}.Debug|iPhone.Build.0 = Debug|Any CPU
		{372A9F45-06F8-498E-A50B-0503C94FD2FB}.Debug|iPhone.Deploy.0 = Debug|Any CPU
		{372A9F45-06F8-498E-A50B-0503C94FD2FB}.Debug|iPhoneSimulator.ActiveCfg = Debug|Any CPU
		{372A9F45-06F8-498E-A50B-0503C94FD2FB}.Debug|iPhoneSimulator.Build.0 = Debug|Any CPU
		{372A9F45-06F8-498E-A50B-0503C94FD2FB}.Debug|iPhoneSimulator.Deploy.0 = Debug|Any CPU
		{372A9F45-06F8-498E-A50B-0503C94FD2FB}.Debug|x64.ActiveCfg = Debug|Any CPU
		{372A9F45-06F8-498E-A50B-0503C94FD2FB}.Debug|x64.Build.0 = Debug|Any CPU
		{372A9F45-06F8-498E-A50B-0503C94FD2FB}.Debug|x64.Deploy.0 = Debug|Any CPU
		{372A9F45-06F8-498E-A50B-0503C94FD2FB}.Debug|x86.ActiveCfg = Debug|Any CPU
		{372A9F45-06F8-498E-A50B-0503C94FD2FB}.Debug|x86.Build.0 = Debug|Any CPU
		{372A9F45-06F8-498E-A50B-0503C94FD2FB}.Debug|x86.Deploy.0 = Debug|Any CPU
		{372A9F45-06F8-498E-A50B-0503C94FD2FB}.Release|Any CPU.ActiveCfg = Release|Any CPU
		{372A9F45-06F8-498E-A50B-0503C94FD2FB}.Release|Any CPU.Build.0 = Release|Any CPU
		{372A9F45-06F8-498E-A50B-0503C94FD2FB}.Release|Any CPU.Deploy.0 = Release|Any CPU
		{372A9F45-06F8-498E-A50B-0503C94FD2FB}.Release|ARM.ActiveCfg = Release|Any CPU
		{372A9F45-06F8-498E-A50B-0503C94FD2FB}.Release|ARM.Build.0 = Release|Any CPU
		{372A9F45-06F8-498E-A50B-0503C94FD2FB}.Release|ARM.Deploy.0 = Release|Any CPU
		{372A9F45-06F8-498E-A50B-0503C94FD2FB}.Release|iPhone.ActiveCfg = Release|Any CPU
		{372A9F45-06F8-498E-A50B-0503C94FD2FB}.Release|iPhone.Build.0 = Release|Any CPU
		{372A9F45-06F8-498E-A50B-0503C94FD2FB}.Release|iPhone.Deploy.0 = Release|Any CPU
		{372A9F45-06F8-498E-A50B-0503C94FD2FB}.Release|iPhoneSimulator.ActiveCfg = Release|Any CPU
		{372A9F45-06F8-498E-A50B-0503C94FD2FB}.Release|iPhoneSimulator.Build.0 = Release|Any CPU
		{372A9F45-06F8-498E-A50B-0503C94FD2FB}.Release|iPhoneSimulator.Deploy.0 = Release|Any CPU
		{372A9F45-06F8-498E-A50B-0503C94FD2FB}.Release|x64.ActiveCfg = Release|Any CPU
		{372A9F45-06F8-498E-A50B-0503C94FD2FB}.Release|x64.Build.0 = Release|Any CPU
		{372A9F45-06F8-498E-A50B-0503C94FD2FB}.Release|x64.Deploy.0 = Release|Any CPU
		{372A9F45-06F8-498E-A50B-0503C94FD2FB}.Release|x86.ActiveCfg = Release|Any CPU
		{372A9F45-06F8-498E-A50B-0503C94FD2FB}.Release|x86.Build.0 = Release|Any CPU
		{372A9F45-06F8-498E-A50B-0503C94FD2FB}.Release|x86.Deploy.0 = Release|Any CPU
	EndGlobalSection
	GlobalSection(SolutionProperties) = preSolution
		HideSolutionNode = FALSE
	EndGlobalSection
	GlobalSection(ExtensibilityGlobals) = postSolution
		SolutionGuid = {58813F11-1102-47D9-A0D4-9AF924321510}
	EndGlobalSection
EndGlobal
